
Microsoft Visual Studio Solution File, Format Version 12.00
# Visual Studio Version 16
VisualStudioVersion = 16.0.29306.81
MinimumVisualStudioVersion = 10.0.40219.1
Project("{FAE04EC0-301F-11D3-BF4B-00C04F79EFBC}") = "CalculatorApp", "CalculatorApp\CalculatorApp.csproj", "{FEAE728D-6D84-4C1C-A6DD-032B9361CC02}"
EndProject
Global
	GlobalSection(SolutionConfigurationPlatforms) = preSolution
		Debug|Any CPU = Debug|Any CPU
		Release|Any CPU = Release|Any CPU
	EndGlobalSection
	GlobalSection(ProjectConfigurationPlatforms) = postSolution
		{FEAE728D-6D84-4C1C-A6DD-032B9361CC02}.Debug|Any CPU.ActiveCfg = Debug|Any CPU
		{FEAE728D-6D84-4C1C-A6DD-032B9361CC02}.Debug|Any CPU.Build.0 = Debug|Any CPU
		{FEAE728D-6D84-4C1C-A6DD-032B9361CC02}.Release|Any CPU.ActiveCfg = Release|Any CPU
		{FEAE728D-6D84-4C1C-A6DD-032B9361CC02}.Release|Any CPU.Build.0 = Release|Any CPU
	EndGlobalSection
	GlobalSection(SolutionProperties) = preSolution
		HideSolutionNode = FALSE
	EndGlobalSection
	GlobalSection(ExtensibilityGlobals) = postSolution
		SolutionGuid = {11DEAD54-975B-4788-856C-FC986B19808F}
	EndGlobalSection
EndGlobal
